
Microsoft Visual Studio Solution File, Format Version 12.00
# Visual Studio Version 17
VisualStudioVersion = 17.5.002.0
MinimumVisualStudioVersion = 10.0.40219.1
Project("{9A19103F-16F7-4668-BE54-9A1E7A4F7556}") = "MovrApi", ".\src\RestApi\MovrApi.csproj", "{DB2D8F10-9DFF-4AE5-9419-057612AD71CA}"
EndProject
Project("{FAE04EC0-301F-11D3-BF4B-00C04F79EFBC}") = "TestProject", ".\tests\CalculatorTests\CalculatorTests.csproj", "{52D4F01A-A0AB-4154-81DF-0EA6B6A56986}"
EndProject
Global
	GlobalSection(SolutionConfigurationPlatforms) = preSolution
		Debug|Any CPU = Debug|Any CPU
		Release|Any CPU = Release|Any CPU
	EndGlobalSection
	GlobalSection(ProjectConfigurationPlatforms) = postSolution
		{DB2D8F10-9DFF-4AE5-9419-057612AD71CA}.Debug|Any CPU.ActiveCfg = Debug|Any CPU
		{DB2D8F10-9DFF-4AE5-9419-057612AD71CA}.Debug|Any CPU.Build.0 = Debug|Any CPU
		{DB2D8F10-9DFF-4AE5-9419-057612AD71CA}.Release|Any CPU.ActiveCfg = Release|Any CPU
		{DB2D8F10-9DFF-4AE5-9419-057612AD71CA}.Release|Any CPU.Build.0 = Release|Any CPU
		{52D4F01A-A0AB-4154-81DF-0EA6B6A56986}.Debug|Any CPU.ActiveCfg = Debug|Any CPU
		{52D4F01A-A0AB-4154-81DF-0EA6B6A56986}.Debug|Any CPU.Build.0 = Debug|Any CPU
		{52D4F01A-A0AB-4154-81DF-0EA6B6A56986}.Release|Any CPU.ActiveCfg = Release|Any CPU
		{52D4F01A-A0AB-4154-81DF-0EA6B6A56986}.Release|Any CPU.Build.0 = Release|Any CPU
	EndGlobalSection
	GlobalSection(SolutionProperties) = preSolution
		HideSolutionNode = FALSE
	EndGlobalSection
	GlobalSection(ExtensibilityGlobals) = postSolution
		SolutionGuid = {67F05295-61EE-4EB3-A226-81444C461425}
	EndGlobalSection
EndGlobal
